
Microsoft Visual Studio Solution File, Format Version 12.00
# Visual Studio Version 16
VisualStudioVersion = 16.0.30413.136
MinimumVisualStudioVersion = 10.0.40219.1
Project("{9A19103F-16F7-4668-BE54-9A1E7A4F7556}") = "LilWidgets", "Sources\LilWidgets\LilWidgets.csproj", "{C07E5F50-1EDB-46A4-AD9E-6FAEFF2F5166}"
EndProject
Project("{9A19103F-16F7-4668-BE54-9A1E7A4F7556}") = "LilWidgets.Forms", "Sources\LilWidgets.Forms\LilWidgets.Forms.csproj", "{91DFD6E2-E1D1-40E8-9699-BD6B37F64ACA}"
EndProject
Project("{7CF6DF6D-3B04-46F8-A40B-537D21BCA0B4}") = "DocsProj", "DocsProj\DocsProj.shfbproj", "{C437ECD2-F2B7-4754-846B-6E70D2B7AC22}"
EndProject
Project("{FAE04EC0-301F-11D3-BF4B-00C04F79EFBC}") = "SandboxApp.Android", "Samples\SandboxApp\SandboxApp.Android\SandboxApp.Android.csproj", "{9E4DB9C5-6902-4B25-9BCF-551C3E8522D9}"
EndProject
Project("{FAE04EC0-301F-11D3-BF4B-00C04F79EFBC}") = "SandboxApp.iOS", "Samples\SandboxApp\SandboxApp.iOS\SandboxApp.iOS.csproj", "{E0ED9F9F-0C9A-4155-8C53-3C4B8BB12746}"
EndProject
Project("{9A19103F-16F7-4668-BE54-9A1E7A4F7556}") = "SandboxApp", "Samples\SandboxApp\SandboxApp\SandboxApp.csproj", "{BE2F5143-C2F9-4C77-A6D3-3E3125CF4558}"
EndProject
Project("{FAE04EC0-301F-11D3-BF4B-00C04F79EFBC}") = "SampleApp.Android", "Samples\SampleApp\SampleApp.Android\SampleApp.Android.csproj", "{B7D8D7DF-CE2A-49BF-A5C4-608D726BF364}"
EndProject
Project("{FAE04EC0-301F-11D3-BF4B-00C04F79EFBC}") = "SampleApp.iOS", "Samples\SampleApp\SampleApp.iOS\SampleApp.iOS.csproj", "{93856D9B-5F7D-46F9-919E-35F6F867BA25}"
EndProject
Project("{FAE04EC0-301F-11D3-BF4B-00C04F79EFBC}") = "SampleApp", "Samples\SampleApp\SampleApp\SampleApp.csproj", "{E20DC1FD-D151-45C1-A965-A1E8B2CD6964}"
EndProject
Project("{FAE04EC0-301F-11D3-BF4B-00C04F79EFBC}") = "Sample.WebAPI", "Samples\SampleApp\Sample.WebAPI\Sample.WebAPI.csproj", "{787724F7-85EF-4B64-9F05-B089B8552844}"
EndProject
Global
	GlobalSection(SolutionConfigurationPlatforms) = preSolution
		Debug|Any CPU = Debug|Any CPU
		Debug|ARM = Debug|ARM
		Debug|iPhone = Debug|iPhone
		Debug|iPhoneSimulator = Debug|iPhoneSimulator
		Debug|x64 = Debug|x64
		Debug|x86 = Debug|x86
		Release|Any CPU = Release|Any CPU
		Release|ARM = Release|ARM
		Release|iPhone = Release|iPhone
		Release|iPhoneSimulator = Release|iPhoneSimulator
		Release|x64 = Release|x64
		Release|x86 = Release|x86
	EndGlobalSection
	GlobalSection(ProjectConfigurationPlatforms) = postSolution
		{C07E5F50-1EDB-46A4-AD9E-6FAEFF2F5166}.Debug|Any CPU.ActiveCfg = Debug|Any CPU
		{C07E5F50-1EDB-46A4-AD9E-6FAEFF2F5166}.Debug|Any CPU.Build.0 = Debug|Any CPU
		{C07E5F50-1EDB-46A4-AD9E-6FAEFF2F5166}.Debug|ARM.ActiveCfg = Debug|Any CPU
		{C07E5F50-1EDB-46A4-AD9E-6FAEFF2F5166}.Debug|ARM.Build.0 = Debug|Any CPU
		{C07E5F50-1EDB-46A4-AD9E-6FAEFF2F5166}.Debug|iPhone.ActiveCfg = Debug|Any CPU
		{C07E5F50-1EDB-46A4-AD9E-6FAEFF2F5166}.Debug|iPhone.Build.0 = Debug|Any CPU
		{C07E5F50-1EDB-46A4-AD9E-6FAEFF2F5166}.Debug|iPhoneSimulator.ActiveCfg = Debug|Any CPU
		{C07E5F50-1EDB-46A4-AD9E-6FAEFF2F5166}.Debug|iPhoneSimulator.Build.0 = Debug|Any CPU
		{C07E5F50-1EDB-46A4-AD9E-6FAEFF2F5166}.Debug|x64.ActiveCfg = Debug|Any CPU
		{C07E5F50-1EDB-46A4-AD9E-6FAEFF2F5166}.Debug|x64.Build.0 = Debug|Any CPU
		{C07E5F50-1EDB-46A4-AD9E-6FAEFF2F5166}.Debug|x86.ActiveCfg = Debug|Any CPU
		{C07E5F50-1EDB-46A4-AD9E-6FAEFF2F5166}.Debug|x86.Build.0 = Debug|Any CPU
		{C07E5F50-1EDB-46A4-AD9E-6FAEFF2F5166}.Release|Any CPU.ActiveCfg = Release|Any CPU
		{C07E5F50-1EDB-46A4-AD9E-6FAEFF2F5166}.Release|Any CPU.Build.0 = Release|Any CPU
		{C07E5F50-1EDB-46A4-AD9E-6FAEFF2F5166}.Release|ARM.ActiveCfg = Release|Any CPU
		{C07E5F50-1EDB-46A4-AD9E-6FAEFF2F5166}.Release|ARM.Build.0 = Release|Any CPU
		{C07E5F50-1EDB-46A4-AD9E-6FAEFF2F5166}.Release|iPhone.ActiveCfg = Release|Any CPU
		{C07E5F50-1EDB-46A4-AD9E-6FAEFF2F5166}.Release|iPhone.Build.0 = Release|Any CPU
		{C07E5F50-1EDB-46A4-AD9E-6FAEFF2F5166}.Release|iPhoneSimulator.ActiveCfg = Release|Any CPU
		{C07E5F50-1EDB-46A4-AD9E-6FAEFF2F5166}.Release|iPhoneSimulator.Build.0 = Release|Any CPU
		{C07E5F50-1EDB-46A4-AD9E-6FAEFF2F5166}.Release|x64.ActiveCfg = Release|Any CPU
		{C07E5F50-1EDB-46A4-AD9E-6FAEFF2F5166}.Release|x64.Build.0 = Release|Any CPU
		{C07E5F50-1EDB-46A4-AD9E-6FAEFF2F5166}.Release|x86.ActiveCfg = Release|Any CPU
		{C07E5F50-1EDB-46A4-AD9E-6FAEFF2F5166}.Release|x86.Build.0 = Release|Any CPU
		{91DFD6E2-E1D1-40E8-9699-BD6B37F64ACA}.Debug|Any CPU.ActiveCfg = Debug|Any CPU
		{91DFD6E2-E1D1-40E8-9699-BD6B37F64ACA}.Debug|Any CPU.Build.0 = Debug|Any CPU
		{91DFD6E2-E1D1-40E8-9699-BD6B37F64ACA}.Debug|ARM.ActiveCfg = Debug|Any CPU
		{91DFD6E2-E1D1-40E8-9699-BD6B37F64ACA}.Debug|ARM.Build.0 = Debug|Any CPU
		{91DFD6E2-E1D1-40E8-9699-BD6B37F64ACA}.Debug|iPhone.ActiveCfg = Debug|Any CPU
		{91DFD6E2-E1D1-40E8-9699-BD6B37F64ACA}.Debug|iPhone.Build.0 = Debug|Any CPU
		{91DFD6E2-E1D1-40E8-9699-BD6B37F64ACA}.Debug|iPhoneSimulator.ActiveCfg = Debug|Any CPU
		{91DFD6E2-E1D1-40E8-9699-BD6B37F64ACA}.Debug|iPhoneSimulator.Build.0 = Debug|Any CPU
		{91DFD6E2-E1D1-40E8-9699-BD6B37F64ACA}.Debug|x64.ActiveCfg = Debug|Any CPU
		{91DFD6E2-E1D1-40E8-9699-BD6B37F64ACA}.Debug|x64.Build.0 = Debug|Any CPU
		{91DFD6E2-E1D1-40E8-9699-BD6B37F64ACA}.Debug|x86.ActiveCfg = Debug|Any CPU
		{91DFD6E2-E1D1-40E8-9699-BD6B37F64ACA}.Debug|x86.Build.0 = Debug|Any CPU
		{91DFD6E2-E1D1-40E8-9699-BD6B37F64ACA}.Release|Any CPU.ActiveCfg = Release|Any CPU
		{91DFD6E2-E1D1-40E8-9699-BD6B37F64ACA}.Release|Any CPU.Build.0 = Release|Any CPU
		{91DFD6E2-E1D1-40E8-9699-BD6B37F64ACA}.Release|ARM.ActiveCfg = Release|Any CPU
		{91DFD6E2-E1D1-40E8-9699-BD6B37F64ACA}.Release|ARM.Build.0 = Release|Any CPU
		{91DFD6E2-E1D1-40E8-9699-BD6B37F64ACA}.Release|iPhone.ActiveCfg = Release|Any CPU
		{91DFD6E2-E1D1-40E8-9699-BD6B37F64ACA}.Release|iPhone.Build.0 = Release|Any CPU
		{91DFD6E2-E1D1-40E8-9699-BD6B37F64ACA}.Release|iPhoneSimulator.ActiveCfg = Release|Any CPU
		{91DFD6E2-E1D1-40E8-9699-BD6B37F64ACA}.Release|iPhoneSimulator.Build.0 = Release|Any CPU
		{91DFD6E2-E1D1-40E8-9699-BD6B37F64ACA}.Release|x64.ActiveCfg = Release|Any CPU
		{91DFD6E2-E1D1-40E8-9699-BD6B37F64ACA}.Release|x64.Build.0 = Release|Any CPU
		{91DFD6E2-E1D1-40E8-9699-BD6B37F64ACA}.Release|x86.ActiveCfg = Release|Any CPU
		{91DFD6E2-E1D1-40E8-9699-BD6B37F64ACA}.Release|x86.Build.0 = Release|Any CPU
		{C437ECD2-F2B7-4754-846B-6E70D2B7AC22}.Debug|Any CPU.ActiveCfg = Debug|Any CPU
		{C437ECD2-F2B7-4754-846B-6E70D2B7AC22}.Debug|Any CPU.Build.0 = Debug|Any CPU
		{C437ECD2-F2B7-4754-846B-6E70D2B7AC22}.Debug|ARM.ActiveCfg = Debug|Any CPU
		{C437ECD2-F2B7-4754-846B-6E70D2B7AC22}.Debug|iPhone.ActiveCfg = Debug|Any CPU
		{C437ECD2-F2B7-4754-846B-6E70D2B7AC22}.Debug|iPhone.Build.0 = Debug|Any CPU
		{C437ECD2-F2B7-4754-846B-6E70D2B7AC22}.Debug|iPhoneSimulator.ActiveCfg = Debug|Any CPU
		{C437ECD2-F2B7-4754-846B-6E70D2B7AC22}.Debug|iPhoneSimulator.Build.0 = Debug|Any CPU
		{C437ECD2-F2B7-4754-846B-6E70D2B7AC22}.Debug|x64.ActiveCfg = Debug|Any CPU
		{C437ECD2-F2B7-4754-846B-6E70D2B7AC22}.Debug|x86.ActiveCfg = Debug|Any CPU
		{C437ECD2-F2B7-4754-846B-6E70D2B7AC22}.Release|Any CPU.ActiveCfg = Release|Any CPU
		{C437ECD2-F2B7-4754-846B-6E70D2B7AC22}.Release|Any CPU.Build.0 = Release|Any CPU
		{C437ECD2-F2B7-4754-846B-6E70D2B7AC22}.Release|ARM.ActiveCfg = Release|Any CPU
		{C437ECD2-F2B7-4754-846B-6E70D2B7AC22}.Release|iPhone.ActiveCfg = Release|Any CPU
		{C437ECD2-F2B7-4754-846B-6E70D2B7AC22}.Release|iPhone.Build.0 = Release|Any CPU
		{C437ECD2-F2B7-4754-846B-6E70D2B7AC22}.Release|iPhoneSimulator.ActiveCfg = Release|Any CPU
		{C437ECD2-F2B7-4754-846B-6E70D2B7AC22}.Release|iPhoneSimulator.Build.0 = Release|Any CPU
		{C437ECD2-F2B7-4754-846B-6E70D2B7AC22}.Release|x64.ActiveCfg = Release|Any CPU
		{C437ECD2-F2B7-4754-846B-6E70D2B7AC22}.Release|x86.ActiveCfg = Release|Any CPU
		{9E4DB9C5-6902-4B25-9BCF-551C3E8522D9}.Debug|Any CPU.ActiveCfg = Debug|Any CPU
		{9E4DB9C5-6902-4B25-9BCF-551C3E8522D9}.Debug|Any CPU.Build.0 = Debug|Any CPU
		{9E4DB9C5-6902-4B25-9BCF-551C3E8522D9}.Debug|Any CPU.Deploy.0 = Debug|Any CPU
		{9E4DB9C5-6902-4B25-9BCF-551C3E8522D9}.Debug|ARM.ActiveCfg = Debug|Any CPU
		{9E4DB9C5-6902-4B25-9BCF-551C3E8522D9}.Debug|ARM.Build.0 = Debug|Any CPU
		{9E4DB9C5-6902-4B25-9BCF-551C3E8522D9}.Debug|ARM.Deploy.0 = Debug|Any CPU
		{9E4DB9C5-6902-4B25-9BCF-551C3E8522D9}.Debug|iPhone.ActiveCfg = Debug|Any CPU
		{9E4DB9C5-6902-4B25-9BCF-551C3E8522D9}.Debug|iPhone.Build.0 = Debug|Any CPU
		{9E4DB9C5-6902-4B25-9BCF-551C3E8522D9}.Debug|iPhone.Deploy.0 = Debug|Any CPU
		{9E4DB9C5-6902-4B25-9BCF-551C3E8522D9}.Debug|iPhoneSimulator.ActiveCfg = Debug|Any CPU
		{9E4DB9C5-6902-4B25-9BCF-551C3E8522D9}.Debug|iPhoneSimulator.Build.0 = Debug|Any CPU
		{9E4DB9C5-6902-4B25-9BCF-551C3E8522D9}.Debug|iPhoneSimulator.Deploy.0 = Debug|Any CPU
		{9E4DB9C5-6902-4B25-9BCF-551C3E8522D9}.Debug|x64.ActiveCfg = Debug|Any CPU
		{9E4DB9C5-6902-4B25-9BCF-551C3E8522D9}.Debug|x64.Build.0 = Debug|Any CPU
		{9E4DB9C5-6902-4B25-9BCF-551C3E8522D9}.Debug|x64.Deploy.0 = Debug|Any CPU
		{9E4DB9C5-6902-4B25-9BCF-551C3E8522D9}.Debug|x86.ActiveCfg = Debug|Any CPU
		{9E4DB9C5-6902-4B25-9BCF-551C3E8522D9}.Debug|x86.Build.0 = Debug|Any CPU
		{9E4DB9C5-6902-4B25-9BCF-551C3E8522D9}.Debug|x86.Deploy.0 = Debug|Any CPU
		{9E4DB9C5-6902-4B25-9BCF-551C3E8522D9}.Release|Any CPU.ActiveCfg = Release|Any CPU
		{9E4DB9C5-6902-4B25-9BCF-551C3E8522D9}.Release|Any CPU.Build.0 = Release|Any CPU
		{9E4DB9C5-6902-4B25-9BCF-551C3E8522D9}.Release|Any CPU.Deploy.0 = Release|Any CPU
		{9E4DB9C5-6902-4B25-9BCF-551C3E8522D9}.Release|ARM.ActiveCfg = Release|Any CPU
		{9E4DB9C5-6902-4B25-9BCF-551C3E8522D9}.Release|ARM.Build.0 = Release|Any CPU
		{9E4DB9C5-6902-4B25-9BCF-551C3E8522D9}.Release|ARM.Deploy.0 = Release|Any CPU
		{9E4DB9C5-6902-4B25-9BCF-551C3E8522D9}.Release|iPhone.ActiveCfg = Release|Any CPU
		{9E4DB9C5-6902-4B25-9BCF-551C3E8522D9}.Release|iPhone.Build.0 = Release|Any CPU
		{9E4DB9C5-6902-4B25-9BCF-551C3E8522D9}.Release|iPhone.Deploy.0 = Release|Any CPU
		{9E4DB9C5-6902-4B25-9BCF-551C3E8522D9}.Release|iPhoneSimulator.ActiveCfg = Release|Any CPU
		{9E4DB9C5-6902-4B25-9BCF-551C3E8522D9}.Release|iPhoneSimulator.Build.0 = Release|Any CPU
		{9E4DB9C5-6902-4B25-9BCF-551C3E8522D9}.Release|iPhoneSimulator.Deploy.0 = Release|Any CPU
		{9E4DB9C5-6902-4B25-9BCF-551C3E8522D9}.Release|x64.ActiveCfg = Release|Any CPU
		{9E4DB9C5-6902-4B25-9BCF-551C3E8522D9}.Release|x64.Build.0 = Release|Any CPU
		{9E4DB9C5-6902-4B25-9BCF-551C3E8522D9}.Release|x64.Deploy.0 = Release|Any CPU
		{9E4DB9C5-6902-4B25-9BCF-551C3E8522D9}.Release|x86.ActiveCfg = Release|Any CPU
		{9E4DB9C5-6902-4B25-9BCF-551C3E8522D9}.Release|x86.Build.0 = Release|Any CPU
		{9E4DB9C5-6902-4B25-9BCF-551C3E8522D9}.Release|x86.Deploy.0 = Release|Any CPU
		{E0ED9F9F-0C9A-4155-8C53-3C4B8BB12746}.Debug|Any CPU.ActiveCfg = Debug|iPhone
		{E0ED9F9F-0C9A-4155-8C53-3C4B8BB12746}.Debug|ARM.ActiveCfg = Debug|iPhoneSimulator
		{E0ED9F9F-0C9A-4155-8C53-3C4B8BB12746}.Debug|iPhone.ActiveCfg = Debug|iPhone
		{E0ED9F9F-0C9A-4155-8C53-3C4B8BB12746}.Debug|iPhone.Build.0 = Debug|iPhone
		{E0ED9F9F-0C9A-4155-8C53-3C4B8BB12746}.Debug|iPhoneSimulator.ActiveCfg = Debug|iPhoneSimulator
		{E0ED9F9F-0C9A-4155-8C53-3C4B8BB12746}.Debug|iPhoneSimulator.Build.0 = Debug|iPhoneSimulator
		{E0ED9F9F-0C9A-4155-8C53-3C4B8BB12746}.Debug|x64.ActiveCfg = Debug|iPhoneSimulator
		{E0ED9F9F-0C9A-4155-8C53-3C4B8BB12746}.Debug|x86.ActiveCfg = Debug|iPhoneSimulator
		{E0ED9F9F-0C9A-4155-8C53-3C4B8BB12746}.Release|Any CPU.ActiveCfg = Release|iPhone
		{E0ED9F9F-0C9A-4155-8C53-3C4B8BB12746}.Release|ARM.ActiveCfg = Release|iPhoneSimulator
		{E0ED9F9F-0C9A-4155-8C53-3C4B8BB12746}.Release|iPhone.ActiveCfg = Release|iPhone
		{E0ED9F9F-0C9A-4155-8C53-3C4B8BB12746}.Release|iPhone.Build.0 = Release|iPhone
		{E0ED9F9F-0C9A-4155-8C53-3C4B8BB12746}.Release|iPhoneSimulator.ActiveCfg = Release|iPhoneSimulator
		{E0ED9F9F-0C9A-4155-8C53-3C4B8BB12746}.Release|iPhoneSimulator.Build.0 = Release|iPhoneSimulator
		{E0ED9F9F-0C9A-4155-8C53-3C4B8BB12746}.Release|x64.ActiveCfg = Release|iPhoneSimulator
		{E0ED9F9F-0C9A-4155-8C53-3C4B8BB12746}.Release|x86.ActiveCfg = Release|iPhoneSimulator
		{BE2F5143-C2F9-4C77-A6D3-3E3125CF4558}.Debug|Any CPU.ActiveCfg = Debug|Any CPU
		{BE2F5143-C2F9-4C77-A6D3-3E3125CF4558}.Debug|Any CPU.Build.0 = Debug|Any CPU
		{BE2F5143-C2F9-4C77-A6D3-3E3125CF4558}.Debug|ARM.ActiveCfg = Debug|Any CPU
		{BE2F5143-C2F9-4C77-A6D3-3E3125CF4558}.Debug|ARM.Build.0 = Debug|Any CPU
		{BE2F5143-C2F9-4C77-A6D3-3E3125CF4558}.Debug|iPhone.ActiveCfg = Debug|Any CPU
		{BE2F5143-C2F9-4C77-A6D3-3E3125CF4558}.Debug|iPhone.Build.0 = Debug|Any CPU
		{BE2F5143-C2F9-4C77-A6D3-3E3125CF4558}.Debug|iPhoneSimulator.ActiveCfg = Debug|Any CPU
		{BE2F5143-C2F9-4C77-A6D3-3E3125CF4558}.Debug|iPhoneSimulator.Build.0 = Debug|Any CPU
		{BE2F5143-C2F9-4C77-A6D3-3E3125CF4558}.Debug|x64.ActiveCfg = Debug|Any CPU
		{BE2F5143-C2F9-4C77-A6D3-3E3125CF4558}.Debug|x64.Build.0 = Debug|Any CPU
		{BE2F5143-C2F9-4C77-A6D3-3E3125CF4558}.Debug|x86.ActiveCfg = Debug|Any CPU
		{BE2F5143-C2F9-4C77-A6D3-3E3125CF4558}.Debug|x86.Build.0 = Debug|Any CPU
		{BE2F5143-C2F9-4C77-A6D3-3E3125CF4558}.Release|Any CPU.ActiveCfg = Release|Any CPU
		{BE2F5143-C2F9-4C77-A6D3-3E3125CF4558}.Release|Any CPU.Build.0 = Release|Any CPU
		{BE2F5143-C2F9-4C77-A6D3-3E3125CF4558}.Release|ARM.ActiveCfg = Release|Any CPU
		{BE2F5143-C2F9-4C77-A6D3-3E3125CF4558}.Release|ARM.Build.0 = Release|Any CPU
		{BE2F5143-C2F9-4C77-A6D3-3E3125CF4558}.Release|iPhone.ActiveCfg = Release|Any CPU
		{BE2F5143-C2F9-4C77-A6D3-3E3125CF4558}.Release|iPhone.Build.0 = Release|Any CPU
		{BE2F5143-C2F9-4C77-A6D3-3E3125CF4558}.Release|iPhoneSimulator.ActiveCfg = Release|Any CPU
		{BE2F5143-C2F9-4C77-A6D3-3E3125CF4558}.Release|iPhoneSimulator.Build.0 = Release|Any CPU
		{BE2F5143-C2F9-4C77-A6D3-3E3125CF4558}.Release|x64.ActiveCfg = Release|Any CPU
		{BE2F5143-C2F9-4C77-A6D3-3E3125CF4558}.Release|x64.Build.0 = Release|Any CPU
		{BE2F5143-C2F9-4C77-A6D3-3E3125CF4558}.Release|x86.ActiveCfg = Release|Any CPU
		{BE2F5143-C2F9-4C77-A6D3-3E3125CF4558}.Release|x86.Build.0 = Release|Any CPU
		{B7D8D7DF-CE2A-49BF-A5C4-608D726BF364}.Debug|Any CPU.ActiveCfg = Debug|Any CPU
		{B7D8D7DF-CE2A-49BF-A5C4-608D726BF364}.Debug|Any CPU.Build.0 = Debug|Any CPU
		{B7D8D7DF-CE2A-49BF-A5C4-608D726BF364}.Debug|Any CPU.Deploy.0 = Debug|Any CPU
		{B7D8D7DF-CE2A-49BF-A5C4-608D726BF364}.Debug|ARM.ActiveCfg = Debug|Any CPU
		{B7D8D7DF-CE2A-49BF-A5C4-608D726BF364}.Debug|iPhone.ActiveCfg = Debug|Any CPU
		{B7D8D7DF-CE2A-49BF-A5C4-608D726BF364}.Debug|iPhone.Build.0 = Debug|Any CPU
		{B7D8D7DF-CE2A-49BF-A5C4-608D726BF364}.Debug|iPhone.Deploy.0 = Debug|Any CPU
		{B7D8D7DF-CE2A-49BF-A5C4-608D726BF364}.Debug|iPhoneSimulator.ActiveCfg = Debug|Any CPU
		{B7D8D7DF-CE2A-49BF-A5C4-608D726BF364}.Debug|iPhoneSimulator.Build.0 = Debug|Any CPU
		{B7D8D7DF-CE2A-49BF-A5C4-608D726BF364}.Debug|iPhoneSimulator.Deploy.0 = Debug|Any CPU
		{B7D8D7DF-CE2A-49BF-A5C4-608D726BF364}.Debug|x64.ActiveCfg = Debug|Any CPU
		{B7D8D7DF-CE2A-49BF-A5C4-608D726BF364}.Debug|x86.ActiveCfg = Debug|Any CPU
		{B7D8D7DF-CE2A-49BF-A5C4-608D726BF364}.Release|Any CPU.ActiveCfg = Release|Any CPU
		{B7D8D7DF-CE2A-49BF-A5C4-608D726BF364}.Release|Any CPU.Build.0 = Release|Any CPU
		{B7D8D7DF-CE2A-49BF-A5C4-608D726BF364}.Release|Any CPU.Deploy.0 = Release|Any CPU
		{B7D8D7DF-CE2A-49BF-A5C4-608D726BF364}.Release|ARM.ActiveCfg = Release|Any CPU
		{B7D8D7DF-CE2A-49BF-A5C4-608D726BF364}.Release|iPhone.ActiveCfg = Release|Any CPU
		{B7D8D7DF-CE2A-49BF-A5C4-608D726BF364}.Release|iPhone.Build.0 = Release|Any CPU
		{B7D8D7DF-CE2A-49BF-A5C4-608D726BF364}.Release|iPhone.Deploy.0 = Release|Any CPU
		{B7D8D7DF-CE2A-49BF-A5C4-608D726BF364}.Release|iPhoneSimulator.ActiveCfg = Release|Any CPU
		{B7D8D7DF-CE2A-49BF-A5C4-608D726BF364}.Release|iPhoneSimulator.Build.0 = Release|Any CPU
		{B7D8D7DF-CE2A-49BF-A5C4-608D726BF364}.Release|iPhoneSimulator.Deploy.0 = Release|Any CPU
		{B7D8D7DF-CE2A-49BF-A5C4-608D726BF364}.Release|x64.ActiveCfg = Release|Any CPU
		{B7D8D7DF-CE2A-49BF-A5C4-608D726BF364}.Release|x86.ActiveCfg = Release|Any CPU
		{93856D9B-5F7D-46F9-919E-35F6F867BA25}.Debug|Any CPU.ActiveCfg = Debug|iPhone
		{93856D9B-5F7D-46F9-919E-35F6F867BA25}.Debug|ARM.ActiveCfg = Debug|iPhoneSimulator
		{93856D9B-5F7D-46F9-919E-35F6F867BA25}.Debug|iPhone.ActiveCfg = Debug|iPhone
		{93856D9B-5F7D-46F9-919E-35F6F867BA25}.Debug|iPhone.Build.0 = Debug|iPhone
		{93856D9B-5F7D-46F9-919E-35F6F867BA25}.Debug|iPhoneSimulator.ActiveCfg = Debug|iPhoneSimulator
		{93856D9B-5F7D-46F9-919E-35F6F867BA25}.Debug|iPhoneSimulator.Build.0 = Debug|iPhoneSimulator
		{93856D9B-5F7D-46F9-919E-35F6F867BA25}.Debug|x64.ActiveCfg = Debug|iPhoneSimulator
		{93856D9B-5F7D-46F9-919E-35F6F867BA25}.Debug|x86.ActiveCfg = Debug|iPhoneSimulator
		{93856D9B-5F7D-46F9-919E-35F6F867BA25}.Release|Any CPU.ActiveCfg = Release|iPhone
		{93856D9B-5F7D-46F9-919E-35F6F867BA25}.Release|ARM.ActiveCfg = Release|iPhoneSimulator
		{93856D9B-5F7D-46F9-919E-35F6F867BA25}.Release|iPhone.ActiveCfg = Release|iPhone
		{93856D9B-5F7D-46F9-919E-35F6F867BA25}.Release|iPhone.Build.0 = Release|iPhone
		{93856D9B-5F7D-46F9-919E-35F6F867BA25}.Release|iPhoneSimulator.ActiveCfg = Release|iPhoneSimulator
		{93856D9B-5F7D-46F9-919E-35F6F867BA25}.Release|iPhoneSimulator.Build.0 = Release|iPhoneSimulator
		{93856D9B-5F7D-46F9-919E-35F6F867BA25}.Release|x64.ActiveCfg = Release|iPhoneSimulator
		{93856D9B-5F7D-46F9-919E-35F6F867BA25}.Release|x86.ActiveCfg = Release|iPhoneSimulator
		{E20DC1FD-D151-45C1-A965-A1E8B2CD6964}.Debug|Any CPU.ActiveCfg = Debug|Any CPU
		{E20DC1FD-D151-45C1-A965-A1E8B2CD6964}.Debug|Any CPU.Build.0 = Debug|Any CPU
		{E20DC1FD-D151-45C1-A965-A1E8B2CD6964}.Debug|ARM.ActiveCfg = Debug|Any CPU
		{E20DC1FD-D151-45C1-A965-A1E8B2CD6964}.Debug|iPhone.ActiveCfg = Debug|Any CPU
		{E20DC1FD-D151-45C1-A965-A1E8B2CD6964}.Debug|iPhone.Build.0 = Debug|Any CPU
		{E20DC1FD-D151-45C1-A965-A1E8B2CD6964}.Debug|iPhoneSimulator.ActiveCfg = Debug|Any CPU
		{E20DC1FD-D151-45C1-A965-A1E8B2CD6964}.Debug|iPhoneSimulator.Build.0 = Debug|Any CPU
		{E20DC1FD-D151-45C1-A965-A1E8B2CD6964}.Debug|x64.ActiveCfg = Debug|Any CPU
		{E20DC1FD-D151-45C1-A965-A1E8B2CD6964}.Debug|x86.ActiveCfg = Debug|Any CPU
		{E20DC1FD-D151-45C1-A965-A1E8B2CD6964}.Release|Any CPU.ActiveCfg = Release|Any CPU
		{E20DC1FD-D151-45C1-A965-A1E8B2CD6964}.Release|Any CPU.Build.0 = Release|Any CPU
		{E20DC1FD-D151-45C1-A965-A1E8B2CD6964}.Release|ARM.ActiveCfg = Release|Any CPU
		{E20DC1FD-D151-45C1-A965-A1E8B2CD6964}.Release|iPhone.ActiveCfg = Release|Any CPU
		{E20DC1FD-D151-45C1-A965-A1E8B2CD6964}.Release|iPhone.Build.0 = Release|Any CPU
		{E20DC1FD-D151-45C1-A965-A1E8B2CD6964}.Release|iPhoneSimulator.ActiveCfg = Release|Any CPU
		{E20DC1FD-D151-45C1-A965-A1E8B2CD6964}.Release|iPhoneSimulator.Build.0 = Release|Any CPU
		{E20DC1FD-D151-45C1-A965-A1E8B2CD6964}.Release|x64.ActiveCfg = Release|Any CPU
		{E20DC1FD-D151-45C1-A965-A1E8B2CD6964}.Release|x86.ActiveCfg = Release|Any CPU
		{787724F7-85EF-4B64-9F05-B089B8552844}.Debug|Any CPU.ActiveCfg = Debug|Any CPU
		{787724F7-85EF-4B64-9F05-B089B8552844}.Debug|Any CPU.Build.0 = Debug|Any CPU
		{787724F7-85EF-4B64-9F05-B089B8552844}.Debug|ARM.ActiveCfg = Debug|Any CPU
		{787724F7-85EF-4B64-9F05-B089B8552844}.Debug|iPhone.ActiveCfg = Debug|Any CPU
		{787724F7-85EF-4B64-9F05-B089B8552844}.Debug|iPhone.Build.0 = Debug|Any CPU
		{787724F7-85EF-4B64-9F05-B089B8552844}.Debug|iPhoneSimulator.ActiveCfg = Debug|Any CPU
		{787724F7-85EF-4B64-9F05-B089B8552844}.Debug|iPhoneSimulator.Build.0 = Debug|Any CPU
		{787724F7-85EF-4B64-9F05-B089B8552844}.Debug|x64.ActiveCfg = Debug|Any CPU
		{787724F7-85EF-4B64-9F05-B089B8552844}.Debug|x86.ActiveCfg = Debug|Any CPU
		{787724F7-85EF-4B64-9F05-B089B8552844}.Release|Any CPU.ActiveCfg = Release|Any CPU
		{787724F7-85EF-4B64-9F05-B089B8552844}.Release|Any CPU.Build.0 = Release|Any CPU
		{787724F7-85EF-4B64-9F05-B089B8552844}.Release|ARM.ActiveCfg = Release|Any CPU
		{787724F7-85EF-4B64-9F05-B089B8552844}.Release|iPhone.ActiveCfg = Release|Any CPU
		{787724F7-85EF-4B64-9F05-B089B8552844}.Release|iPhone.Build.0 = Release|Any CPU
		{787724F7-85EF-4B64-9F05-B089B8552844}.Release|iPhoneSimulator.ActiveCfg = Release|Any CPU
		{787724F7-85EF-4B64-9F05-B089B8552844}.Release|iPhoneSimulator.Build.0 = Release|Any CPU
		{787724F7-85EF-4B64-9F05-B089B8552844}.Release|x64.ActiveCfg = Release|Any CPU
		{787724F7-85EF-4B64-9F05-B089B8552844}.Release|x86.ActiveCfg = Release|Any CPU
	EndGlobalSection
	GlobalSection(SolutionProperties) = preSolution
		HideSolutionNode = FALSE
	EndGlobalSection
	GlobalSection(ExtensibilityGlobals) = postSolution
		SolutionGuid = {603DE877-E439-4E78-8719-867FF492C615}
	EndGlobalSection
EndGlobal
